{
    "_meta": {
        "hash": {
            "sha256": "c4fa37eb3c8c303ca10d6e6faf1d6007f98cef5466e3a009a718d8b1ecf88a14"
        },
        "pipfile-spec": 6,
        "requires": {
            "python_version": "3.9.10"
        },
        "sources": [
            {
                "name": "pypi",
                "url": "https://pypi.org/simple",
                "verify_ssl": true
            }
        ]
    },
    "default": {
        "beautifulsoup4": {
            "hashes": [
                "sha256:034740f6cb549b4e932ae1ab975581e6103ac8f942200a0e9759065984391858",
                "sha256:945065979fb8529dd2f37dbb58f00b661bdbcbebf954f93b32fdf5263ef35348",
                "sha256:ba6d5c59906a85ac23dadfe5c88deaf3e179ef565f4898671253e50a78680718"
            ],
            "index": "pypi",
            "version": "==4.7.1"
        },
        "blis": {
            "hashes": [
                "sha256:179037cb5e6744c2e93b6b5facc6e4a0073776d514933c3db1e1f064a3253425",
                "sha256:29ef4c25007785a90ffc2f0ab3d3bd3b75cd2d7856a9a482b7d0dac8d511a09d",
                "sha256:3dbb44311029263a6f65ed55a35f970aeb1d20b18bfac4c025de5aadf7889a8c",
                "sha256:3e3f95e035c7456a1f5f3b5a3cfe708483a00335a3a8ad2211d57ba4d5f749a5",
                "sha256:4d5755ef37a573647be62684ca1545698879d07321f1e5b89a4fd669ce355eb0",
                "sha256:5cb1db88ab629ccb39eac110b742b98e3511d48ce9caa82ca32609d9169a9c9c",
                "sha256:5fd46c649acd1920482b4f5556d1c88693cba9bf6a494a020b00f14b42e1132f",
                "sha256:6d12475e588a322e66a18346a3faa9eb92523504042e665c193d1b9b0b3f0482",
                "sha256:6fd5941bd5a21082b19d1dd0f6d62cd35609c25eb769aa3457d9877ef2ce37a9",
                "sha256:7417667c221e29fe8662c3b2ff9bc201c6a5214bbb5eb6cc290484868802258d",
                "sha256:8275f6b6eee714b85f00bf882720f508ed6a60974bcde489715d37fd35529da8",
                "sha256:97ad55e9ef36e4ff06b35802d0cf7bfc56f9697c6bc9427f59c90956bb98377d",
                "sha256:b3ea73707a7938304c08363a0b990600e579bfb52dece7c674eafac4bf2df9f7",
                "sha256:b5f4691bf62013eccc167c38a85c09a0bf0c6e3e80d4c2229cdf2668c1124eb0",
                "sha256:b8a1fcd2eb267301ab13e1e4209c165d172cdf9c0c9e08186a9e234bf91daa16",
                "sha256:b9737035636452fb6d08e7ab79e5a9904be18a0736868a129179cd9f9ab59825",
                "sha256:c0521231bc95ab522f280da3bbb096299c910a62cac2376d48d4a1d403c54393",
                "sha256:c399a03de4059bf8e700b921f9ff5d72b2a86673616c40db40cd0592051bdd07",
                "sha256:d0e82a6e0337d5231129a4e8b36978fa7b973ad3bb0257fd8e3714a9b35ceffd",
                "sha256:d205a7e69523e2bacdd67ea906b82b84034067e0de83b33bd83eb96b9e844ae3",
                "sha256:d3882b4f44a33367812b5e287c0690027092830ffb1cce124b02f64e761819a4",
                "sha256:d4eb70a79562a211bd2e6b6db63f1e2eed32c0ab3e9ef921d86f657ae8375845",
                "sha256:d811e88480203d75e6e959f313fdbf3326393b4e2b317067d952347f5c56216e",
                "sha256:d81c3f627d33545fc25c9dcb5fee66c476d89288a27d63ac16ea63453401ffd5",
                "sha256:db2959560dcb34e912dad0e0d091f19b05b61363bac15d78307c01334a4e5d9d",
                "sha256:e85993364cae82707bfe7e637bee64ec96e232af31301e5c81a351778cb394b9",
                "sha256:f5cec812ee47b29107eb36af9b457be7191163eab65d61775ed63538232c59d5",
                "sha256:f7b6315d7b1ac5546bc0350f5f8d7cc064438d23db19a5c21aaa6ae7d93c1ab5"
            ],
            "version": "==0.7.9"
        },
        "catalogue": {
            "hashes": [
                "sha256:2d786e229d8d202b4f8a2a059858e45a2331201d831e39746732daa704b99f69",
                "sha256:b325c77659208bfb6af1b0d93b1a1aa4112e1bb29a4c5ced816758a722f0e388"
            ],
            "markers": "python_version >= '3.6'",
            "version": "==2.0.8"
        },
        "certifi": {
            "hashes": [
                "sha256:35824b4c3a97115964b408844d64aa14db1cc518f6562e8d7261699d1350a9e3",
                "sha256:4ad3232f5e926d6718ec31cfc1fcadfde020920e278684144551c91769c7bc18"
            ],
            "index": "pypi",
            "version": "==2022.12.7"
        },
        "chardet": {
            "hashes": [
                "sha256:84ab92ed1c4d4f16916e05906b6b75a6c0fb5db821cc65e70cbd64a3e2a5eaae",
                "sha256:fc323ffcaeaed0e0a02bf4d117757b98aed530d9ed4531e3e15460124c106691"
            ],
            "version": "==3.0.4"
        },
        "click": {
            "hashes": [
                "sha256:7682dc8afb30297001674575ea00d1814d808d6a36af415a82bd481d37ba7b8e",
                "sha256:bb4d8133cb15a609f44e8213d9b391b0809795062913b383c62be0ee95b1db48"
            ],
            "markers": "python_version >= '3.7'",
            "version": "==8.1.3"
        },
        "cymem": {
            "hashes": [
                "sha256:011039e12d3144ac1bf3a6b38f5722b817f0d6487c8184e88c891b360b69f533",
                "sha256:0ac45088abffbae9b7db2c597f098de51b7e3c1023cb314e55c0f7f08440cf66",
                "sha256:10178e402bb512b2686b8c2f41f930111e597237ca8f85cb583ea93822ef798d",
                "sha256:24b779046484674c054af1e779c68cb224dc9694200ac13b22129d7fb7e99e6d",
                "sha256:26e5d5c6958855d2fe3d5629afe85a6aae5531abaa76f4bc21b9abf9caaccdfe",
                "sha256:2aa33f1dbd7ceda37970e174c38fd1cf106817a261aa58521ba9918156868231",
                "sha256:314273be1f143da674388e0a125d409e2721fbf669c380ae27c5cbae4011e26d",
                "sha256:3da89464021fe669932fce1578343fcaf701e47e3206f50d320f4f21e6683ca5",
                "sha256:42aedfd2e77aa0518a24a2a60a2147308903abc8b13c84504af58539c39e52a3",
                "sha256:4302df5793a320c4f4a263c7785d2fa7f29928d72cb83ebeb34d64a610f8d819",
                "sha256:48b98da6b906fe976865263e27734ebc64f972a978a999d447ad6c83334e3f90",
                "sha256:4981fc9182cc1fe54bfedf5f73bfec3ce0c27582d9be71e130c46e35958beef0",
                "sha256:4f359cab9f16e25b3098f816c40acbf1697a3b614a8d02c56e6ebcb9c89a06b3",
                "sha256:59a09cf0e71b1b88bfa0de544b801585d81d06ea123c1725e7c5da05b7ca0d20",
                "sha256:5ea6b027fdad0c3e9a4f1b94d28d213be08c466a60c72c633eb9db76cf30e53a",
                "sha256:6c50794c612801ed8b599cd4af1ed810a0d39011711c8224f93e1153c00e08d1",
                "sha256:6f9e63e5ad4ed6ffa21fd8db1c03b05be3fea2f32e32fdace67a840ea2702c3d",
                "sha256:85359ab7b490e6c897c04863704481600bd45188a0e2ca7375eb5db193e13cb7",
                "sha256:864701e626b65eb2256060564ed8eb034ebb0a8f14ce3fbef337e88352cdee9f",
                "sha256:9e5e1b7de7952d89508d07601b9e95b2244e70d7ef60fbc161b3ad68f22815f8",
                "sha256:a2971b7da5aa2e65d8fbbe9f2acfc19ff8e73f1896e3d6e1223cc9bf275a0207",
                "sha256:a9525ad563b36dc1e30889d0087a0daa67dd7bb7d3e1530c4b61cd65cc756a5b",
                "sha256:c183257dc5ab237b664f64156c743e788f562417c74ea58c5a3939fe2d48d6f6",
                "sha256:d18250f97eeb13af2e8b19d3cefe4bf743b963d93320b0a2e729771410fd8cf4",
                "sha256:df543a36e7000808fe0a03d92fd6cd8bf23fa8737c3f7ae791a5386de797bf79",
                "sha256:e156788d32ad8f7141330913c5d5d2aa67182fca8f15ae22645e9f379abe8a4c",
                "sha256:e6034badb5dd4e10344211c81f16505a55553a7164adc314c75bd80cf07e57a8",
                "sha256:f165d7bce55d6730930e29d8294569788aa127f1be8d1642d9550ed96223cb37"
            ],
            "version": "==2.0.7"
        },
        "geonamescache": {
            "hashes": [
                "sha256:5a1fc774a3282d324952b87eb5c2c13684055e68e829526909c76c2fffb84f8f",
                "sha256:efa1dd28a87632303c5d882cc52718f04cf28e85f1cc7d6afdf8a6ba7c5ab1dc"
            ],
            "index": "pypi",
            "version": "==1.3.0"
        },
        "idna": {
            "hashes": [
                "sha256:c357b3f628cf53ae2c4c05627ecc484553142ca23264e593d327bcde5e9c3407",
                "sha256:ea8b7f6188e6fa117537c3df7da9fc686d485087abf6ac197f9c46432f7e4a3c"
            ],
            "version": "==2.8"
        },
        "jinja2": {
            "hashes": [
                "sha256:31351a702a408a9e7595a8fc6150fc3f43bb6bf7e319770cbc0db9df9437e852",
                "sha256:6088930bfe239f0e6710546ab9c19c9ef35e29792895fed6e6e31a023a182a61"
            ],
            "markers": "python_version >= '3.7'",
            "version": "==3.1.2"
        },
        "langcodes": {
            "hashes": [
                "sha256:4d89fc9acb6e9c8fdef70bcdf376113a3db09b67285d9e1d534de6d8818e7e69",
                "sha256:794d07d5a28781231ac335a1561b8442f8648ca07cd518310aeb45d6f0807ef6"
            ],
            "markers": "python_version >= '3.6'",
            "version": "==3.3.0"
        },
        "markupsafe": {
            "hashes": [
                "sha256:0212a68688482dc52b2d45013df70d169f542b7394fc744c02a57374a4207003",
                "sha256:089cf3dbf0cd6c100f02945abeb18484bd1ee57a079aefd52cffd17fba910b88",
                "sha256:10c1bfff05d95783da83491be968e8fe789263689c02724e0c691933c52994f5",
                "sha256:33b74d289bd2f5e527beadcaa3f401e0df0a89927c1559c8566c066fa4248ab7",
                "sha256:3799351e2336dc91ea70b034983ee71cf2f9533cdff7c14c90ea126bfd95d65a",
                "sha256:3ce11ee3f23f79dbd06fb3d63e2f6af7b12db1d46932fe7bd8afa259a5996603",
                "sha256:421be9fbf0ffe9ffd7a378aafebbf6f4602d564d34be190fc19a193232fd12b1",
                "sha256:43093fb83d8343aac0b1baa75516da6092f58f41200907ef92448ecab8825135",
                "sha256:46d00d6cfecdde84d40e572d63735ef81423ad31184100411e6e3388d405e247",
                "sha256:4a33dea2b688b3190ee12bd7cfa29d39c9ed176bda40bfa11099a3ce5d3a7ac6",
                "sha256:4b9fe39a2ccc108a4accc2676e77da025ce383c108593d65cc909add5c3bd601",
                "sha256:56442863ed2b06d19c37f94d999035e15ee982988920e12a5b4ba29b62ad1f77",
                "sha256:671cd1187ed5e62818414afe79ed29da836dde67166a9fac6d435873c44fdd02",
                "sha256:694deca8d702d5db21ec83983ce0bb4b26a578e71fbdbd4fdcd387daa90e4d5e",
                "sha256:6a074d34ee7a5ce3effbc526b7083ec9731bb3cbf921bbe1d3005d4d2bdb3a63",
                "sha256:6d0072fea50feec76a4c418096652f2c3238eaa014b2f94aeb1d56a66b41403f",
                "sha256:6fbf47b5d3728c6aea2abb0589b5d30459e369baa772e0f37a0320185e87c980",
                "sha256:7f91197cc9e48f989d12e4e6fbc46495c446636dfc81b9ccf50bb0ec74b91d4b",
                "sha256:86b1f75c4e7c2ac2ccdaec2b9022845dbb81880ca318bb7a0a01fbf7813e3812",
                "sha256:8dc1c72a69aa7e082593c4a203dcf94ddb74bb5c8a731e4e1eb68d031e8498ff",
                "sha256:8e3dcf21f367459434c18e71b2a9532d96547aef8a871872a5bd69a715c15f96",
                "sha256:8e576a51ad59e4bfaac456023a78f6b5e6e7651dcd383bcc3e18d06f9b55d6d1",
                "sha256:96e37a3dc86e80bf81758c152fe66dbf60ed5eca3d26305edf01892257049925",
                "sha256:97a68e6ada378df82bc9f16b800ab77cbf4b2fada0081794318520138c088e4a",
                "sha256:99a2a507ed3ac881b975a2976d59f38c19386d128e7a9a18b7df6fff1fd4c1d6",
                "sha256:a49907dd8420c5685cfa064a1335b6754b74541bbb3706c259c02ed65b644b3e",
                "sha256:b09bf97215625a311f669476f44b8b318b075847b49316d3e28c08e41a7a573f",
                "sha256:b7bd98b796e2b6553da7225aeb61f447f80a1ca64f41d83612e6139ca5213aa4",
                "sha256:b87db4360013327109564f0e591bd2a3b318547bcef31b468a92ee504d07ae4f",
                "sha256:bcb3ed405ed3222f9904899563d6fc492ff75cce56cba05e32eff40e6acbeaa3",
                "sha256:d4306c36ca495956b6d568d276ac11fdd9c30a36f1b6eb928070dc5360b22e1c",
                "sha256:d5ee4f386140395a2c818d149221149c54849dfcfcb9f1debfe07a8b8bd63f9a",
                "sha256:dda30ba7e87fbbb7eab1ec9f58678558fd9a6b8b853530e176eabd064da81417",
                "sha256:e04e26803c9c3851c931eac40c695602c6295b8d432cbe78609649ad9bd2da8a",
                "sha256:e1c0b87e09fa55a220f058d1d49d3fb8df88fbfab58558f1198e08c1e1de842a",
                "sha256:e72591e9ecd94d7feb70c1cbd7be7b3ebea3f548870aa91e2732960fa4d57a37",
                "sha256:e8c843bbcda3a2f1e3c2ab25913c80a3c5376cd00c6e8c4a86a89a28c8dc5452",
                "sha256:efc1913fd2ca4f334418481c7e595c00aad186563bbc1ec76067848c7ca0a933",
                "sha256:f121a1420d4e173a5d96e47e9a0c0dcff965afdf1626d28de1460815f7c4ee7a",
                "sha256:fc7b548b17d238737688817ab67deebb30e8073c95749d55538ed473130ec0c7"
            ],
            "markers": "python_version >= '3.7'",
            "version": "==2.1.1"
        },
        "murmurhash": {
            "hashes": [
                "sha256:01137d688a6b259bde642513506b062364ea4e1609f886d9bd095c3ae6da0b94",
                "sha256:0ac5530c250d2b0073ed058555847c8d88d2d00229e483d45658c13b32398523",
                "sha256:0c2e2ee2d91a87952fe0f80212e86119aa1fd7681f03e6c99b279e50790dc2b3",
                "sha256:0eb0f8e652431ea238c11bcb671fef5c03aff0544bf7e098df81ea4b6d495405",
                "sha256:1b70bbf55d89713873a35bd4002bc231d38e530e1051d57ca5d15f96c01fd778",
                "sha256:213d0248e586082e1cab6157d9945b846fd2b6be34357ad5ea0d03a1931d82ba",
                "sha256:241693c1c819148eac29d7882739b1099c891f1f7431127b2652c23f81722cec",
                "sha256:2aebe2ae016525a662ff772b72a2c9244a673e3215fcd49897f494258b96f3e7",
                "sha256:379bf6b414bd27dd36772dd1570565a7d69918e980457370838bd514df0d91e9",
                "sha256:3e802fa5b0e618ee99e8c114ce99fc91677f14e9de6e18b945d91323a93c84e8",
                "sha256:47f5ca56c430230d3b581dfdbc54eb3ad8b0406dcc9afdd978da2e662c71d370",
                "sha256:5dc41be79ba4d09aab7e9110a8a4d4b37b184b63767b1b247411667cdb1057a3",
                "sha256:5ef31b5c11be2c064dbbdd0e22ab3effa9ceb5b11ae735295c717c120087dd94",
                "sha256:660ae41fc6609abc05130543011a45b33ca5d8318ae5c70e66bbd351ca936063",
                "sha256:69157e8fa6b25c4383645227069f6a1f8738d32ed2a83558961019ca3ebef56a",
                "sha256:697ed01454d92681c7ae26eb1adcdc654b54062bcc59db38ed03cad71b23d449",
                "sha256:799fcbca5693ad6a40f565ae6b8e9718e5875a63deddf343825c0f31c32348fa",
                "sha256:8c3d69fb649c77c74a55624ebf7a0df3c81629e6ea6e80048134f015da57b2ea",
                "sha256:94b89d02aeab5e6bad5056f9d08df03ac7cfe06e61ff4b6340feb227fda80ce8",
                "sha256:a5952f9c18a717fa17579e27f57bfa619299546011a8378a8f73e14eece332f6",
                "sha256:ab78675510f83e7a3c6bd0abdc448a9a2b0b385b0d7ee766cbbfc5cc278a3042",
                "sha256:b129e1c5ebd772e6ff5ef925bcce695df13169bd885337e6074b923ab6edcfc8",
                "sha256:c0f84ecdf37c06eda0222f2f9e81c0974e1a7659c35b755ab2fdc642ebd366db",
                "sha256:cf0b3fe54dca598f5b18c9951e70812e070ecb4c0672ad2cc32efde8a33b3df6",
                "sha256:d7a2bd203377a31bbb2d83fe3f968756d6c9bbfa36c64c6ebfc3c6494fc680bc",
                "sha256:ef79202feeac68e83971239169a05fa6514ecc2815ce04c8302076d267870f6e",
                "sha256:f9b995bc82eaf9223e045210207b8878fdfe099a788dd8abd708d9ee58459a9d",
                "sha256:fe7a38cb0d3d87c14ec9dddc4932ffe2dbc77d75469ab80fd5014689b0e07b58"
            ],
            "markers": "python_version >= '3.6'",
            "version": "==1.0.9"
        },
        "numpy": {
            "hashes": [
                "sha256:01dd17cbb340bf0fc23981e52e1d18a9d4050792e8fb8363cecbf066a84b827d",
                "sha256:06005a2ef6014e9956c09ba07654f9837d9e26696a0470e42beedadb78c11b07",
                "sha256:09b7847f7e83ca37c6e627682f145856de331049013853f344f37b0c9690e3df",
                "sha256:0aaee12d8883552fadfc41e96b4c82ee7d794949e2a7c3b3a7201e968c7ecab9",
                "sha256:0cbe9848fad08baf71de1a39e12d1b6310f1d5b2d0ea4de051058e6e1076852d",
                "sha256:1b1766d6f397c18153d40015ddfc79ddb715cabadc04d2d228d4e5a8bc4ded1a",
                "sha256:33161613d2269025873025b33e879825ec7b1d831317e68f4f2f0f84ed14c719",
                "sha256:5039f55555e1eab31124a5768898c9e22c25a65c1e0037f4d7c495a45778c9f2",
                "sha256:522e26bbf6377e4d76403826ed689c295b0b238f46c28a7251ab94716da0b280",
                "sha256:56e454c7833e94ec9769fa0f86e6ff8e42ee38ce0ce1fa4cbb747ea7e06d56aa",
                "sha256:58f545efd1108e647604a1b5aa809591ccd2540f468a880bedb97247e72db387",
                "sha256:5e05b1c973a9f858c74367553e236f287e749465f773328c8ef31abe18f691e1",
                "sha256:7903ba8ab592b82014713c491f6c5d3a1cde5b4a3bf116404e08f5b52f6daf43",
                "sha256:8969bfd28e85c81f3f94eb4a66bc2cf1dbdc5c18efc320af34bffc54d6b1e38f",
                "sha256:92c8c1e89a1f5028a4c6d9e3ccbe311b6ba53694811269b992c0b224269e2398",
                "sha256:9c88793f78fca17da0145455f0d7826bcb9f37da4764af27ac945488116efe63",
                "sha256:a7ac231a08bb37f852849bbb387a20a57574a97cfc7b6cabb488a4fc8be176de",
                "sha256:abdde9f795cf292fb9651ed48185503a2ff29be87770c3b8e2a14b0cd7aa16f8",
                "sha256:af1da88f6bc3d2338ebbf0e22fe487821ea4d8e89053e25fa59d1d79786e7481",
                "sha256:b2a9ab7c279c91974f756c84c365a669a887efa287365a8e2c418f8b3ba73fb0",
                "sha256:bf837dc63ba5c06dc8797c398db1e223a466c7ece27a1f7b5232ba3466aafe3d",
                "sha256:ca51fcfcc5f9354c45f400059e88bc09215fb71a48d3768fb80e357f3b457e1e",
                "sha256:ce571367b6dfe60af04e04a1834ca2dc5f46004ac1cc756fb95319f64c095a96",
                "sha256:d208a0f8729f3fb790ed18a003f3a57895b989b40ea4dce4717e9cf4af62c6bb",
                "sha256:dbee87b469018961d1ad79b1a5d50c0ae850000b639bcb1b694e9981083243b6",
                "sha256:e9f4c4e51567b616be64e05d517c79a8a22f3606499941d97bb76f2ca59f982d",
                "sha256:f063b69b090c9d918f9df0a12116029e274daf0181df392839661c4c7ec9018a",
                "sha256:f9a909a8bae284d46bbfdefbdd4a262ba19d3bc9921b1e76126b1d21c3c34135"
            ],
            "markers": "python_version >= '3.8'",
            "version": "==1.23.5"
        },
        "packaging": {
            "hashes": [
                "sha256:2198ec20bd4c017b8f9717e00f0c8714076fc2fd93816750ab48e2c41de2cfd3",
                "sha256:957e2148ba0e1a3b282772e791ef1d8083648bc131c8ab0c1feba110ce1146c3"
            ],
            "markers": "python_version >= '3.7'",
            "version": "==22.0"
        },
        "pathy": {
            "hashes": [
                "sha256:4cd6e71b4cd5ff875cfbb949ad9fa5519d8d1dbe69d5fc1d1b23aa3cb049618b",
                "sha256:a7613ee2d99a0a3300e1d836322e2d947c85449fde59f52906f995dbff67dad4"
            ],
            "markers": "python_version >= '3.6'",
            "version": "==0.10.1"
        },
        "preshed": {
            "hashes": [
                "sha256:019d8fa4161035811fb2804d03214143298739e162d0ad24e087bd46c50970f5",
                "sha256:06793022a56782ef51d74f1399925a2ba958e50c5cfbc6fa5b25c4945e158a07",
                "sha256:09cc9da2ac1b23010ce7d88a5e20f1033595e6dd80be14318e43b9409f4c7697",
                "sha256:0ae25a010c9f551aa2247ee621457f679e07c57fc99d3fd44f84cb40b925f12c",
                "sha256:0e1bb8701df7861af26a312225bdf7c4822ac06fcf75aeb60fe2b0a20e64c222",
                "sha256:135e2ac0db1a3948d6ec295598c7e182b52c394663f2fcfe36a97ae51186be21",
                "sha256:246e7c6890dc7fe9b10f0e31de3346b906e3862b6ef42fcbede37968f46a73bf",
                "sha256:25b5ef5e387a0e17ff41202a8c1816184ab6fb3c0d0b847bf8add0ed5941eb8d",
                "sha256:53d3e2456a085425c66af7baba62d7eaa24aa5e460e1a9e02c401a2ed59abd7b",
                "sha256:5942858170c4f53d9afc6352a86bbc72fc96cc4d8964b6415492114a5920d3ed",
                "sha256:5a6a7fcf7dd2e7711051b3f0432da9ec9c748954c989f49d2cd8eabf8c2d953e",
                "sha256:67643e66691770dc3434b01671648f481e3455209ce953727ef2330b16790aaa",
                "sha256:6a49ce52856fbb3ef4f1cc744c53f5d7e1ca370b1939620ac2509a6d25e02a50",
                "sha256:6c74c70078809bfddda17be96483c41d06d717934b07cab7921011d81758b357",
                "sha256:720593baf2c2e295f855192974799e486da5f50d4548db93c44f5726a43cefb9",
                "sha256:7f8837bf616335464f3713cbf562a3dcaad22c3ca9193f957018964ef871a68b",
                "sha256:854d58a8913ebf3b193b0dc8064155b034e8987de25f26838dfeca09151fda8a",
                "sha256:85e98a618fb36cdcc37501d8b9b8c1246651cc2f2db3a70702832523e0ae12f4",
                "sha256:8e945fc814bdc29564a2ce137c237b3a9848aa1e76a1160369b6e0d328151fdd",
                "sha256:c8a2e2931eea7e500fbf8e014b69022f3fab2e35a70da882e2fc753e5e487ae3",
                "sha256:e0ad3d860b9ce88a74cf7414bb4b1c6fd833813e7b818e76f49272c4974b19ce",
                "sha256:e1472ee231f323b4f4368b1b5f8f08481ed43af89697d45450c6ae4af46ac08a",
                "sha256:e19c8069f1a1450f835f23d47724530cf716d581fcafb398f534d044f806b8c2",
                "sha256:e9aef2b0b7687aecef48b1c6ff657d407ff24e75462877dcb888fa904c4a9c6d",
                "sha256:ea4b6df8ef7af38e864235256793bc3056e9699d991afcf6256fa298858582fc",
                "sha256:f9a4833530fe53001c351974e0c8bb660211b8d0358e592af185fec1ae12b2d0",
                "sha256:fd19d48440b152657966a52e627780c0ddbe9d907b8d7ee4598505e80a3c55c7",
                "sha256:fdbc2957b36115a576c515ffe963919f19d2683f3c76c9304ae88ef59f6b5ca6"
            ],
            "markers": "python_version >= '3.6'",
            "version": "==3.0.8"
        },
        "pydantic": {
            "hashes": [
                "sha256:021ea0e4133e8c824775a0cfe098677acf6fa5a3cbf9206a376eed3fc09302cd",
                "sha256:05ddfd37c1720c392f4e0d43c484217b7521558302e7069ce8d318438d297739",
                "sha256:05ef5246a7ffd2ce12a619cbb29f3307b7c4509307b1b49f456657b43529dc6f",
                "sha256:10e5622224245941efc193ad1d159887872776df7a8fd592ed746aa25d071840",
                "sha256:18b5ea242dd3e62dbf89b2b0ec9ba6c7b5abaf6af85b95a97b00279f65845a23",
                "sha256:234a6c19f1c14e25e362cb05c68afb7f183eb931dd3cd4605eafff055ebbf287",
                "sha256:244ad78eeb388a43b0c927e74d3af78008e944074b7d0f4f696ddd5b2af43c62",
                "sha256:26464e57ccaafe72b7ad156fdaa4e9b9ef051f69e175dbbb463283000c05ab7b",
                "sha256:41b542c0b3c42dc17da70554bc6f38cbc30d7066d2c2815a94499b5684582ecb",
                "sha256:4a03cbbe743e9c7247ceae6f0d8898f7a64bb65800a45cbdc52d65e370570820",
                "sha256:4be75bebf676a5f0f87937c6ddb061fa39cbea067240d98e298508c1bda6f3f3",
                "sha256:54cd5121383f4a461ff7644c7ca20c0419d58052db70d8791eacbbe31528916b",
                "sha256:589eb6cd6361e8ac341db97602eb7f354551482368a37f4fd086c0733548308e",
                "sha256:8621559dcf5afacf0069ed194278f35c255dc1a1385c28b32dd6c110fd6531b3",
                "sha256:8b223557f9510cf0bfd8b01316bf6dd281cf41826607eada99662f5e4963f316",
                "sha256:99a9fc39470010c45c161a1dc584997f1feb13f689ecf645f59bb4ba623e586b",
                "sha256:a7c6002203fe2c5a1b5cbb141bb85060cbff88c2d78eccbc72d97eb7022c43e4",
                "sha256:a83db7205f60c6a86f2c44a61791d993dff4b73135df1973ecd9eed5ea0bda20",
                "sha256:ac8eed4ca3bd3aadc58a13c2aa93cd8a884bcf21cb019f8cfecaae3b6ce3746e",
                "sha256:e710876437bc07bd414ff453ac8ec63d219e7690128d925c6e82889d674bb505",
                "sha256:ea5cb40a3b23b3265f6325727ddfc45141b08ed665458be8c6285e7b85bd73a1",
                "sha256:fec866a0b59f372b7e776f2d7308511784dace622e0992a0b59ea3ccee0ae833"
            ],
            "markers": "python_full_version >= '3.6.1'",
            "version": "==1.8.2"
        },
        "python-dotenv": {
            "hashes": [
                "sha256:32b2bdc1873fd3a3c346da1c6db83d0053c3c62f28f1f38516070c4c8971b1d3",
                "sha256:a5de49a31e953b45ff2d2fd434bbc2670e8db5273606c1e737cc6b93eff3655f"
            ],
            "index": "pypi",
            "version": "==0.19.2"
        },
        "pytube": {
            "hashes": [
                "sha256:2a32f3475f063d25e7b7a7434a93b51d59aadbbda7ed24af48f097b2876c0964",
                "sha256:9190f5e13b05a4fc1586eedd46f7164c3a4318607d455a1f7c126699ddde724f"
            ],
            "index": "pypi",
            "version": "==9.5.0"
        },
        "requests": {
            "hashes": [
                "sha256:502a824f31acdacb3a35b6690b5fbf0bc41d63a24a45c4004352b0242707598e",
                "sha256:7bf2a778576d825600030a110f3c0e3e8edc51dfaafe1c146e39a2027784957b"
            ],
            "index": "pypi",
            "version": "==2.21.0"
        },
        "setuptools": {
            "hashes": [
                "sha256:2347b2b432c891a863acadca2da9ac101eae6169b1d3dfee2ec605ecd50dbfe5",
                "sha256:e4f30b9f84e5ab3decf945113119649fec09c1fc3507c6ebffec75646c56e62b"
            ],
            "index": "pypi",
            "version": "==60.9.3"
        },
        "smart-open": {
            "hashes": [
                "sha256:088bf00f9327c71e549bc2f86567d3320df5d89667f009ce1c16568976068ef7",
                "sha256:1b4df5c8365218f3852c507451920ccad606c80b0acb4e67508e50ba9b5d2632"
            ],
            "markers": "python_version >= '3.6' and python_version < '4.0'",
            "version": "==6.2.0"
        },
        "soupsieve": {
            "hashes": [
                "sha256:3b2503d3c7084a42b1ebd08116e5f81aadfaea95863628c80a3b774a11b7c759",
                "sha256:fc53893b3da2c33de295667a0e19f078c14bf86544af307354de5fcf12a3f30d"
            ],
            "markers": "python_version >= '3.6'",
            "version": "==2.3.2.post1"
        },
        "spacy": {
            "hashes": [
                "sha256:00e99c1c4c655283e1165fdb49a234034af09050d2c68b87fe1fb9d49fbb7aa4",
                "sha256:054f6596c0ac52fbdd1690ccdab37d8b286706bfa698abf6c7db3194f0c8dc59",
                "sha256:1f1c5b86daee2b1b4e60ce7c9f7a953ea60dbfe6c9c4acf3bc3c0b5a4332d475",
                "sha256:2070074032a1f008751cd298d32785fbcc07ec09916fa94e962f81c2a76e4976",
                "sha256:3639e0381b70e27841c0ce5e96bd83d7173c8356bcae69163598964b12db2646",
                "sha256:3e5da14df6f1e9bf490962fd2390cc3a7271994a0cec2c8f1936f177617d1d52",
                "sha256:521df508803a924df0ea489f286e3a17d5e6eb58a22ea643ddaa544fe5a02226",
                "sha256:6ed92892c3d5829ed79fea188f134a9c99ff7bfa60354d023f64a77bacabd761",
                "sha256:7dd213224a9429cc190698294607fae0b9b94d06995e155f72c551fec66c39f4",
                "sha256:818aa0fde582f4c839831b40704622c4b7e4e59bdffa68eda328e6f6bd2855b0",
                "sha256:899c857cb6b193783a483fbc46c2ed39cc02f97252489ee6029944e6ca140046",
                "sha256:a2fb91e326c7f6682751a194447f6708b957fcad7589f97546986973c70774a7",
                "sha256:b3bdbafaf2f084cadffab95df70bc4c99441c13de9c3364078dbd99888736931",
                "sha256:be8bd1d5805aa974453edbcf387289ebb47c881ba3a347e03359d16bcacf1866",
                "sha256:c49d50fbe3715adc5741419367b39a468d2556648422f10b6fc4edf38eae2cb3",
                "sha256:cae5187f1fdb4f3478ebdb3f299d1f6c7c7f9c4b3cdd3ba9e74a7a3e566ecd7f",
                "sha256:df252e1b1d55068600eab4ef3e602eb32487f08704e44a85f82478e56aed9838",
                "sha256:ea9cabc081a7732e755dd44fbd818185ac829fcb431273a994af33d65e709281",
                "sha256:ebdb29392c7c6d9137127b2a4fee293c8b12e7e69277362bf744f20f3dba7a89"
            ],
            "index": "pypi",
            "version": "==3.3.0"
        },
        "spacy-legacy": {
            "hashes": [
                "sha256:16104595d8ab1b7267f817a449ad1f986eb1f2a2edf1050748f08739a479679a",
                "sha256:8526a54d178dee9b7f218d43e5c21362c59056c5da23380b319b56043e9211f3"
            ],
            "markers": "python_version >= '3.6'",
            "version": "==3.0.10"
        },
        "spacy-loggers": {
            "hashes": [
                "sha256:e050bf2e63208b2f096b777e494971c962ad7c1dc997641c8f95c622550044ae",
                "sha256:e6f983bf71230091d5bb7b11bf64bd54415eca839108d5f83d9155d0ba93bf28"
            ],
            "markers": "python_version >= '3.6'",
            "version": "==1.0.4"
        },
        "srsly": {
            "hashes": [
                "sha256:04d0b4cd91e098cdac12d2c28e256b1181ba98bcd00e460b8e42dee3e8542804",
                "sha256:0f9abb7857f9363f1ac52123db94dfe1c4af8959a39d698eff791d17e45e00b6",
                "sha256:1434759effec2ee266a24acd9b53793a81cac01fc1e6321c623195eda1b9c7df",
                "sha256:1a41e5b10902c885cabe326ba86d549d7011e38534c45bed158ecb8abd4b44ce",
                "sha256:1c4291ee125796fb05e778e9ca8f9a829e8c314b757826f2e1d533e424a93531",
                "sha256:2d3b0d32be2267fb489da172d71399ac59f763189b47dbe68eedb0817afaa6dc",
                "sha256:5e7b0cd9853b0d9e00ad23d26199c1e44d8fd74096cbbbabc92447a915bcfd78",
                "sha256:6d83bea1f774b54d9313a374a95f11a776d37bcedcda93c526bf7f1cb5f26428",
                "sha256:764906e9f4c2ac5f748c49d95c8bf79648404ebc548864f9cb1fa0707942d830",
                "sha256:874010587a807264963de9a1c91668c43cee9ed2f683f5406bdf5a34dfe12cca",
                "sha256:8c26c5c0e07ea7bb7b8b8735e1b2261fea308c2c883b99211d11747162c6d897",
                "sha256:8f258ee69aefb053258ac2e4f4b9d597e622b79f78874534430e864cef0be199",
                "sha256:8fed31ef8acbb5fead2152824ef39e12d749fcd254968689ba5991dd257b63b4",
                "sha256:90359cc3c5601afd45ec12c52bde1cf1ccbe0dc7d4244fd1f8d0c9e100c71707",
                "sha256:95afe9625badaf5ce326e37b21362423d7e8578a5ec9c85b15c3fca93205a883",
                "sha256:9a95c682de8c6e6145199f10a7c597647ff7d398fb28874f845ba7d34a86a033",
                "sha256:a2075124d4872e754af966e76f3258cd526eeac84f0995ee8cd561fd4cf1b68e",
                "sha256:a49c089541a9a0a27ccb841a596350b7ee1d6adfc7ebd28eddedfd34dc9f12c5",
                "sha256:ace951c3088204bd66f30326f93ab6e615ce1562a461a8a464759d99fa9c2a02",
                "sha256:afa4e1fe143275339d1c4a74e46d4c75168eed8b200f44f2ea023d45ff089a2f",
                "sha256:b5a96f0ae15b651fa3fd87421bd93e61c6dc46c0831cbe275c9b790d253126b5",
                "sha256:c842258967baa527cea9367986e42b8143a1a890e7d4a18d25a36edc3c7a33c7",
                "sha256:cae5d48a0bda55a3728f49976ea0b652f508dbc5ac3e849f41b64a5753ec7f0a",
                "sha256:db6bc02bd1e3372a3636e47b22098107c9df2cf12d220321b51c586ba17904b3",
                "sha256:e0043eff95be45acb5ce09cebb80ebdb9f2b6856aa3a15979e6fe3cc9a486753",
                "sha256:f48d40c3b3d20e38410e7a95fa5b4050c035f467b0793aaf67188b1edad37fe3",
                "sha256:f74c64934423bcc2d3508cf3a079c7034e5cde988255dc57c7a09794c78f0610",
                "sha256:facab907801fbcb0e54b3532e04bc6a0709184d68004ef3a129e8c7e3ca63d82"
            ],
            "markers": "python_version >= '3.6'",
            "version": "==2.4.5"
        },
        "thinc": {
            "hashes": [
                "sha256:042c518aa799a38bec22a7a0bf28df80ce617eb7de32bc049798707c0a36167f",
                "sha256:0f86b8ee3c2605f0de9925dd6f0fc2c1c2392c8ca4fbc93511eee97299c09260",
                "sha256:2455798db0709d1b7eb156db9d44849c3a90e1f532727a890f40ca3a206f0701",
                "sha256:2d1b481a2c88796988ac6a2c755059aace586d2494bb186f709aa3981ead96b2",
                "sha256:384da6b8806c709f8781236659f740b65f3d50c25382d722e046378706aef4d6",
                "sha256:3eb3e5c897cbd5501048666ef30e4fac5921941b735a91e6803a7cf714dacd92",
                "sha256:4737feae51aef428f2b7be03cabc28d4e4116968ec1419cf0508c460ee8a059d",
                "sha256:515e86cead73d42828db140efa36f6e1b826ac4401426236aa9fca5eb3e6f068",
                "sha256:55780308cae6119c75a7b6cfee154fded0a03692858c308032151151b37d1571",
                "sha256:73d454210e9cf11537887635ddeea4b2aad607886a6d4360524df10d57ff8272",
                "sha256:73d7a0ffbc1f9d1fd5b34972ec0384a6f06e5edca5a065c23ff39bdae9be8fa3",
                "sha256:9795cdaea647af8aedbb9b898ed0f53ae9a0abd6c6b31d61031e6bc013280c88",
                "sha256:980004dc14923e762df69be26a6c094bc4a79d1e5b8d681cfd06ffbd2c23ec56",
                "sha256:9c42240d19bf7f02837fb5fe395c19b8e7ae8b5539dec7d4373555e1c940ab49",
                "sha256:b104ff10bb968d1625b9a81ef56f947a25e24b46069bbaf35fc3ea4562c92cbc",
                "sha256:c4a6e7e4c00ae560b799d269e7cf2b87379eaf15350a312405d93bd8c7076ce8",
                "sha256:cc074a16876ec3eaf765ac0178adf891dc1c4eda33e9e02906a027bf51b78141",
                "sha256:cfd8cc5df9652e746d708f7d9e1aaaf4fe6ce0d66d66ad267c170c92e8b8ef45",
                "sha256:d2bcf5db534e237b23513965f3d542a6f261370a1946e1c7252bc8134086085f",
                "sha256:d4275d9cd382707dd1a340cb4e8fba550a3fbff0b000abc1c413825837f55a60",
                "sha256:d6657b0e2978f0ab8c75cb8180856ebbbaf7f52d97351ad5f59988b5da5b6b1e",
                "sha256:e2821a820e47edfe098901dd1be60b8321c5b15e5132d47b48f0b8225115054c",
                "sha256:eba973fe229e7fa86b99f2c5e2724f7f19040ac75a8ef7c8b23b434dac1eadea",
                "sha256:fd2d49a80a6c95be4eb0f8370a22eef903ecad10b65762d39c9b192abf905f7c"
            ],
            "markers": "python_version >= '3.6'",
            "version": "==8.0.17"
        },
        "tinydb": {
            "hashes": [
                "sha256:357eb7383dee6915f17b00596ec6dd2a890f3117bf52be28a4c516aeee581100",
                "sha256:e2cdf6e2dad49813e9b5fceb3c7943387309a8738125fbff0b58d248a033f7a9"
            ],
            "index": "pypi",
            "version": "==4.7.0"
        },
        "torch": {
            "hashes": [
                "sha256:0164673908e6b291ace592d382eba3e258b3bad009b8078cad8f3b9e00d8f23e",
                "sha256:0a9e74b5057463ce4e55d9332a5670993fc9e1299c52e1740e505eda106fb355",
                "sha256:0aa4cca3f16fab40cb8dae6a49d0eccdc8f4ead9d1a6428cd9ba12befe082b2a",
                "sha256:117098d4924b260a24a47c6b3fe37f2ae41f04a2ea2eff9f553ae9210b12fa54",
                "sha256:1d8139dcc864f48dc316376384f50e47a459284ad1cb84449242f4964e25aaec",
                "sha256:3a2d070cf28860d285d4ab156f3954c0c1d12f4c037aa312a7c029227c0d106b",
                "sha256:52548b45efff772fe3810fe91daf34f981ac0ca1a7227f6226fd5693f53b5b88",
                "sha256:569ead6ae6bb0e636df0fc8af660ef03260e630dc5f2f4cf3198027e7b6bb481",
                "sha256:62c0a7e433681d0861494d1ede96d2485e4dbb3ea8fd867e8419addebf5de1af",
                "sha256:646de1bef85d6c7590e98f8ea52e47acdcf58330982e4f5d73f5ca28dea2d552",
                "sha256:7e2b14fe5b3a8266cbe2f6740c0195497507974ced7bc21e99971561913a0c28",
                "sha256:8a2b2012b3c7d6019e189496688fa77de7029a220840b406d8302d1c8021a11c",
                "sha256:95eeec3a6c42fd35aca552777b7d9979ed489760423de97c0118a45e849a61f4",
                "sha256:b296e65e25081af147af936f1e3a1f17f583a9afacfa5309742678ffef728ace",
                "sha256:d6103b9a634993bd967337a1149f9d8b23922f42a3660676239399e15c1b4515",
                "sha256:d88333091fd1627894bbf0d6dcef58a90e36bdf0d90a5d4675b5e07e72075511",
                "sha256:e596f0105f748cf09d4763152d8157aaf58d5231232eaf2c5673d4562ba86ad3",
                "sha256:ecc7193fff7741ced3db1f760666c8454d6664956288c54d1b49613b987a42f4"
            ],
            "index": "pypi",
            "version": "==1.9.0"
        },
        "tqdm": {
            "hashes": [
                "sha256:5f4f682a004951c1b450bc753c710e9280c5746ce6ffedee253ddbcbf54cf1e4",
                "sha256:6fee160d6ffcd1b1c68c65f14c829c22832bc401726335ce92c52d395944a6a1"
            ],
            "markers": "python_version >= '2.7' and python_version not in '3.0, 3.1, 3.2, 3.3'",
            "version": "==4.64.1"
        },
        "typer": {
            "hashes": [
                "sha256:023bae00d1baf358a6cc7cea45851639360bb716de687b42b0a4641cd99173f1",
                "sha256:b8261c6c0152dd73478b5ba96ba677e5d6948c715c310f7c91079f311f62ec03"
            ],
            "markers": "python_version >= '3.6'",
            "version": "==0.4.2"
        },
        "typing-extensions": {
            "hashes": [
                "sha256:1511434bb92bf8dd198c12b1cc812e800d4181cfcb867674e0f8279cc93087aa",
                "sha256:16fa4864408f655d35ec496218b85f79b3437c829e93320c7c9215ccfd92489e"
            ],
            "markers": "python_version >= '3.7'",
            "version": "==4.4.0"
        },
        "urllib3": {
            "hashes": [
                "sha256:2393a695cd12afedd0dcb26fe5d50d0cf248e5a66f75dbd89a3d4eb333a61af4",
                "sha256:a637e5fae88995b256e3409dc4d52c2e2e0ba32c42a6365fee8bbd2238de3cfb"
            ],
            "markers": "python_version >= '2.7' and python_version not in '3.0, 3.1, 3.2, 3.3' and python_version < '4.0'",
            "version": "==1.24.3"
        },
        "wasabi": {
            "hashes": [
                "sha256:c8e372781be19272942382b14d99314d175518d7822057cb7a97010c4259d249",
                "sha256:fe862cc24034fbc9f04717cd312ab884f71f51a8ecabebc3449b751c2a649d83"
            ],
            "version": "==0.10.1"
        },
        "wheel": {
            "hashes": [
                "sha256:4bdcd7d840138086126cd09254dc6195fb4fc6f01c050a1d7236f2630db1d22a",
                "sha256:e9a504e793efbca1b8e0e9cb979a249cf4a0a7b5b8c9e8b65a5e39d49529c1c4"
            ],
            "index": "pypi",
            "version": "==0.37.1"
        }
    },
    "develop": {}
}
